
Microsoft Visual Studio Solution File, Format Version 12.00
# Visual Studio Version 16
VisualStudioVersion = 16.0.32413.511
MinimumVisualStudioVersion = 10.0.40219.1
Project("{FAE04EC0-301F-11D3-BF4B-00C04F79EFBC}") = "Cheat Client", "NetClient\Cheat Client.csproj", "{10D63CC4-A75F-4276-84B9-FD78C892CCFC}"
EndProject
Project("{FAE04EC0-301F-11D3-BF4B-00C04F79EFBC}") = "testcheat", "testcheat\testcheat.csproj", "{0D7AD06B-E299-4AED-A8D7-4087E13A35D8}"
EndProject
Project("{FAE04EC0-301F-11D3-BF4B-00C04F79EFBC}") = "Updater", "Updater\Updater.csproj", "{03451358-4717-4B40-A590-79953CE8B748}"
EndProject
Global
	GlobalSection(SolutionConfigurationPlatforms) = preSolution
		Debug|Any CPU = Debug|Any CPU
		Debug|x64 = Debug|x64
		Release|Any CPU = Release|Any CPU
		Release|x64 = Release|x64
	EndGlobalSection
	GlobalSection(ProjectConfigurationPlatforms) = postSolution
		{10D63CC4-A75F-4276-84B9-FD78C892CCFC}.Debug|Any CPU.ActiveCfg = Debug|Any CPU
		{10D63CC4-A75F-4276-84B9-FD78C892CCFC}.Debug|Any CPU.Build.0 = Debug|Any CPU
		{10D63CC4-A75F-4276-84B9-FD78C892CCFC}.Debug|x64.ActiveCfg = Debug|x64
		{10D63CC4-A75F-4276-84B9-FD78C892CCFC}.Debug|x64.Build.0 = Debug|x64
		{10D63CC4-A75F-4276-84B9-FD78C892CCFC}.Release|Any CPU.ActiveCfg = Release|Any CPU
		{10D63CC4-A75F-4276-84B9-FD78C892CCFC}.Release|Any CPU.Build.0 = Release|Any CPU
		{10D63CC4-A75F-4276-84B9-FD78C892CCFC}.Release|x64.ActiveCfg = Release|x64
		{10D63CC4-A75F-4276-84B9-FD78C892CCFC}.Release|x64.Build.0 = Release|x64
		{0D7AD06B-E299-4AED-A8D7-4087E13A35D8}.Debug|Any CPU.ActiveCfg = Debug|Any CPU
		{0D7AD06B-E299-4AED-A8D7-4087E13A35D8}.Debug|Any CPU.Build.0 = Debug|Any CPU
		{0D7AD06B-E299-4AED-A8D7-4087E13A35D8}.Debug|x64.ActiveCfg = Debug|Any CPU
		{0D7AD06B-E299-4AED-A8D7-4087E13A35D8}.Debug|x64.Build.0 = Debug|Any CPU
		{0D7AD06B-E299-4AED-A8D7-4087E13A35D8}.Release|Any CPU.ActiveCfg = Release|Any CPU
		{0D7AD06B-E299-4AED-A8D7-4087E13A35D8}.Release|Any CPU.Build.0 = Release|Any CPU
		{0D7AD06B-E299-4AED-A8D7-4087E13A35D8}.Release|x64.ActiveCfg = Release|Any CPU
		{0D7AD06B-E299-4AED-A8D7-4087E13A35D8}.Release|x64.Build.0 = Release|Any CPU
		{03451358-4717-4B40-A590-79953CE8B748}.Debug|Any CPU.ActiveCfg = Debug|Any CPU
		{03451358-4717-4B40-A590-79953CE8B748}.Debug|Any CPU.Build.0 = Debug|Any CPU
		{03451358-4717-4B40-A590-79953CE8B748}.Debug|x64.ActiveCfg = Debug|Any CPU
		{03451358-4717-4B40-A590-79953CE8B748}.Debug|x64.Build.0 = Debug|Any CPU
		{03451358-4717-4B40-A590-79953CE8B748}.Release|Any CPU.ActiveCfg = Release|Any CPU
		{03451358-4717-4B40-A590-79953CE8B748}.Release|Any CPU.Build.0 = Release|Any CPU
		{03451358-4717-4B40-A590-79953CE8B748}.Release|x64.ActiveCfg = Release|Any CPU
		{03451358-4717-4B40-A590-79953CE8B748}.Release|x64.Build.0 = Release|Any CPU
	EndGlobalSection
	GlobalSection(SolutionProperties) = preSolution
		HideSolutionNode = FALSE
	EndGlobalSection
	GlobalSection(ExtensibilityGlobals) = postSolution
		SolutionGuid = {A660ABA9-AE60-4CC1-97B1-206D5FB55325}
	EndGlobalSection
EndGlobal
