
Microsoft Visual Studio Solution File, Format Version 12.00
# Visual Studio Version 17
VisualStudioVersion = 17.1.32407.343
MinimumVisualStudioVersion = 10.0.40219.1
Project("{9A19103F-16F7-4668-BE54-9A1E7A4F7556}") = "SampleCheatDebug", "SampleCheatDebug\SampleCheatDebug.csproj", "{032C1B93-CB87-486C-91EC-ADAAAB07A074}"
EndProject
Global
	GlobalSection(SolutionConfigurationPlatforms) = preSolution
		Debug|Any CPU = Debug|Any CPU
		Debug|x64 = Debug|x64
		Release|Any CPU = Release|Any CPU
		Release|x64 = Release|x64
	EndGlobalSection
	GlobalSection(ProjectConfigurationPlatforms) = postSolution
		{032C1B93-CB87-486C-91EC-ADAAAB07A074}.Debug|Any CPU.ActiveCfg = Debug|Any CPU
		{032C1B93-CB87-486C-91EC-ADAAAB07A074}.Debug|Any CPU.Build.0 = Debug|Any CPU
		{032C1B93-CB87-486C-91EC-ADAAAB07A074}.Debug|x64.ActiveCfg = Debug|x64
		{032C1B93-CB87-486C-91EC-ADAAAB07A074}.Debug|x64.Build.0 = Debug|x64
		{032C1B93-CB87-486C-91EC-ADAAAB07A074}.Release|Any CPU.ActiveCfg = Release|Any CPU
		{032C1B93-CB87-486C-91EC-ADAAAB07A074}.Release|Any CPU.Build.0 = Release|Any CPU
		{032C1B93-CB87-486C-91EC-ADAAAB07A074}.Release|x64.ActiveCfg = Release|x64
		{032C1B93-CB87-486C-91EC-ADAAAB07A074}.Release|x64.Build.0 = Release|x64
	EndGlobalSection
	GlobalSection(SolutionProperties) = preSolution
		HideSolutionNode = FALSE
	EndGlobalSection
	GlobalSection(ExtensibilityGlobals) = postSolution
		SolutionGuid = {28DD3717-1930-4093-BC3A-D05FCDD29C23}
	EndGlobalSection
EndGlobal
