
Microsoft Visual Studio Solution File, Format Version 12.00
# Visual Studio Version 17
VisualStudioVersion = 17.1.32328.378
MinimumVisualStudioVersion = 10.0.40219.1
Project("{FAE04EC0-301F-11D3-BF4B-00C04F79EFBC}") = "AuthAdminTool", "AuthAdminTool\AuthAdminTool.csproj", "{E336C8D7-C154-4276-96FE-74AD62F4FE20}"
EndProject
Global
	GlobalSection(SolutionConfigurationPlatforms) = preSolution
		Debug|Any CPU = Debug|Any CPU
		Release|Any CPU = Release|Any CPU
	EndGlobalSection
	GlobalSection(ProjectConfigurationPlatforms) = postSolution
		{E336C8D7-C154-4276-96FE-74AD62F4FE20}.Debug|Any CPU.ActiveCfg = Debug|Any CPU
		{E336C8D7-C154-4276-96FE-74AD62F4FE20}.Debug|Any CPU.Build.0 = Debug|Any CPU
		{E336C8D7-C154-4276-96FE-74AD62F4FE20}.Release|Any CPU.ActiveCfg = Release|Any CPU
		{E336C8D7-C154-4276-96FE-74AD62F4FE20}.Release|Any CPU.Build.0 = Release|Any CPU
	EndGlobalSection
	GlobalSection(SolutionProperties) = preSolution
		HideSolutionNode = FALSE
	EndGlobalSection
	GlobalSection(ExtensibilityGlobals) = postSolution
		SolutionGuid = {EB5EDD8E-A70E-4F2F-8CAF-115D2E14D542}
	EndGlobalSection
EndGlobal
